# THIS IS AN AUTOGENERATED FILE. DO NOT EDIT THIS FILE DIRECTLY.
# yarn lockfile v1


"ansi-regex@^5.0.1":
  "integrity" "sha512-quJQXlTSUGL2LH9SUXo8VwsY4soanhgo6LNSm84E1LBcE8s3O0wpdiRzyR9z/ZZJMlMWv37qOOb9pdJlMUEKFQ=="
  "resolved" "https://registry.npmjs.org/ansi-regex/-/ansi-regex-5.0.1.tgz"
  "version" "5.0.1"

"ansi-styles@^4.0.0", "ansi-styles@^4.1.0":
  "integrity" "sha512-zbB9rCJAT1rbjiVDb2hqKFHNYLxgtk8NURxZ3IZwD3F6NtxbXZQCnnSi1Lkx+IDohdPlFp222wVALIheZJQSEg=="
  "resolved" "https://registry.npmjs.org/ansi-styles/-/ansi-styles-4.3.0.tgz"
  "version" "4.3.0"
  dependencies:
    "color-convert" "^2.0.1"

"balanced-match@^1.0.0":
  "integrity" "sha512-3oSeUO0TMV67hN1AmbXsK4yaqU7tjiHlbxRDZOpH0KW9+CeX4bRAaX0Anxt0tx2MrpRpWwQaPwIlISEJhYU5Pw=="
  "resolved" "https://registry.npmjs.org/balanced-match/-/balanced-match-1.0.2.tgz"
  "version" "1.0.2"

"brace-expansion@^1.1.7":
  "integrity" "sha512-iCuPHDFgrHX7H2vEI/5xpz07zSHB00TpugqhmYtVmMO6518mCuRMoOYFldEBl0g187ufozdaHgWKcYFb61qGiA=="
  "resolved" "https://registry.npmjs.org/brace-expansion/-/brace-expansion-1.1.11.tgz"
  "version" "1.1.11"
  dependencies:
    "balanced-match" "^1.0.0"
    "concat-map" "0.0.1"

"chalk@^4.1.0":
  "integrity" "sha512-oKnbhFyRIXpUuez8iBMmyEa4nbj4IOQyuhc/wy9kY7/WVPcwIO9VA668Pu8RkO7+0G76SLROeyw9CpQ061i4mA=="
  "resolved" "https://registry.npmjs.org/chalk/-/chalk-4.1.2.tgz"
  "version" "4.1.2"
  dependencies:
    "ansi-styles" "^4.1.0"
    "supports-color" "^7.1.0"

"cliui@^7.0.2":
  "integrity" "sha512-OcRE68cOsVMXp1Yvonl/fzkQOyjLSu/8bhPDfQt0e0/Eb283TKP20Fs2MqoPsr9SwA595rRCA+QMzYc9nBP+JQ=="
  "resolved" "https://registry.npmjs.org/cliui/-/cliui-7.0.4.tgz"
  "version" "7.0.4"
  dependencies:
    "string-width" "^4.2.0"
    "strip-ansi" "^6.0.0"
    "wrap-ansi" "^7.0.0"

"color-convert@^2.0.1":
  "integrity" "sha512-RRECPsj7iu/xb5oKYcsFHSppFNnsj/52OVTRKb4zP5onXwVF3zVmmToNcOfGC+CRDpfK/U584fMg38ZHCaElKQ=="
  "resolved" "https://registry.npmjs.org/color-convert/-/color-convert-2.0.1.tgz"
  "version" "2.0.1"
  dependencies:
    "color-name" "~1.1.4"

"color-name@~1.1.4":
  "integrity" "sha512-dOy+3AuW3a2wNbZHIuMZpTcgjGuLU/uBL/ubcZF9OXbDo8ff4O8yVp5Bf0efS8uEoYo5q4Fx7dY9OgQGXgAsQA=="
  "resolved" "https://registry.npmjs.org/color-name/-/color-name-1.1.4.tgz"
  "version" "1.1.4"

"concat-map@0.0.1":
  "integrity" "sha1-2Klr13/Wjfd5OnMDajug1UBdR3s= sha512-/Srv4dswyQNBfohGpz9o6Yb3Gz3SrUDqBH5rTuhGR7ahtlbYKnVxw2bCFMRljaA7EXHaXZ8wsHdodFvbkhKmqg=="
  "resolved" "https://registry.npmjs.org/concat-map/-/concat-map-0.0.1.tgz"
  "version" "0.0.1"

"concurrently-repeat@^0.0.1":
  "integrity" "sha512-9UR6DJRsn1D8tGjK6L7BR2cTkfTQXRJRokoaC3KQgthRBEKHwXJzWXt3EQ3V9hjaURHYX5vAeEjt5aWhCpvSwQ=="
  "resolved" "https://registry.npmjs.org/concurrently-repeat/-/concurrently-repeat-0.0.1.tgz"
  "version" "0.0.1"
  dependencies:
    "concurrently" "^6.3.0"
    "yargs" "^16.2.0"

"concurrently@^6.2.1", "concurrently@^6.3.0":
  "integrity" "sha512-FlSwNpGjWQfRwPLXvJ/OgysbBxPkWpiVjy1042b0U7on7S7qwwMIILRj7WTN1mTgqa582bG6NFuScOoh6Zgdag=="
  "resolved" "https://registry.npmjs.org/concurrently/-/concurrently-6.5.1.tgz"
  "version" "6.5.1"
  dependencies:
    "chalk" "^4.1.0"
    "date-fns" "^2.16.1"
    "lodash" "^4.17.21"
    "rxjs" "^6.6.3"
    "spawn-command" "^0.0.2-1"
    "supports-color" "^8.1.0"
    "tree-kill" "^1.2.2"
    "yargs" "^16.2.0"

"cross-env@^7.0.3":
  "integrity" "sha512-+/HKd6EgcQCJGh2PSjZuUitQBQynKor4wrFbRg4DtAgS1aWO+gU52xpH7M9ScGgXSYmAVS9bIJ8EzuaGw0oNAw=="
  "resolved" "https://registry.npmjs.org/cross-env/-/cross-env-7.0.3.tgz"
  "version" "7.0.3"
  dependencies:
    "cross-spawn" "^7.0.1"

"cross-spawn@^7.0.1":
  "integrity" "sha512-iRDPJKUPVEND7dHPO8rkbOnPpyDygcDFtWjpeWNCgy8WP2rXcxXL8TskReQl6OrB2G7+UJrags1q15Fudc7G6w=="
  "resolved" "https://registry.npmjs.org/cross-spawn/-/cross-spawn-7.0.3.tgz"
  "version" "7.0.3"
  dependencies:
    "path-key" "^3.1.0"
    "shebang-command" "^2.0.0"
    "which" "^2.0.1"

"date-fns@^2.16.1":
  "integrity" "sha512-8d35hViGYx/QH0icHYCeLmsLmMUheMmTyV9Fcm6gvNwdw31yXXH+O85sOBJ+OLnLQMKZowvpKb6FgMIQjcpvQw=="
  "resolved" "https://registry.npmjs.org/date-fns/-/date-fns-2.28.0.tgz"
  "version" "2.28.0"

"emoji-regex@^8.0.0":
  "integrity" "sha512-MSjYzcWNOA0ewAHpz0MxpYFvwg6yjy1NG3xteoqz644VCo/RPgnr1/GGt+ic3iJTzQ8Eu3TdM14SawnVUmGE6A=="
  "resolved" "https://registry.npmjs.org/emoji-regex/-/emoji-regex-8.0.0.tgz"
  "version" "8.0.0"

"escalade@^3.1.1":
  "integrity" "sha512-k0er2gUkLf8O0zKJiAhmkTnJlTvINGv7ygDNPbeIsX/TJjGJZHuh9B2UxbsaEkmlEo9MfhrSzmhIlhRlI2GXnw=="
  "resolved" "https://registry.npmjs.org/escalade/-/escalade-3.1.1.tgz"
  "version" "3.1.1"

"fs.realpath@^1.0.0":
  "integrity" "sha1-FQStJSMVjKpA20onh8sBQRmU6k8= sha512-OO0pH2lK6a0hZnAdau5ItzHPI6pUlvI7jMVnxUQRtw4owF2wk8lOSabtGDCTP4Ggrg2MbGnWO9X8K1t4+fGMDw=="
  "resolved" "https://registry.npmjs.org/fs.realpath/-/fs.realpath-1.0.0.tgz"
  "version" "1.0.0"

"get-caller-file@^2.0.5":
  "integrity" "sha512-DyFP3BM/3YHTQOCUL/w0OZHR0lpKeGrxotcHWcqNEdnltqFwXVfhEBQ94eIo34AfQpo0rGki4cyIiftY06h2Fg=="
  "resolved" "https://registry.npmjs.org/get-caller-file/-/get-caller-file-2.0.5.tgz"
  "version" "2.0.5"

"glob@^7.1.3":
  "integrity" "sha512-lmLf6gtyrPq8tTjSmrO94wBeQbFR3HbLHbuyD69wuyQkImp2hWqMGB47OX65FBkPffO641IP9jWa1z4ivqG26Q=="
  "resolved" "https://registry.npmjs.org/glob/-/glob-7.2.0.tgz"
  "version" "7.2.0"
  dependencies:
    "fs.realpath" "^1.0.0"
    "inflight" "^1.0.4"
    "inherits" "2"
    "minimatch" "^3.0.4"
    "once" "^1.3.0"
    "path-is-absolute" "^1.0.0"

"has-flag@^4.0.0":
  "integrity" "sha512-EykJT/Q1KjTWctppgIAgfSO0tKVuZUjhgMr17kqTumMl6Afv3EISleU7qZUzoXDFTAHTDC4NOoG/ZxU3EvlMPQ=="
  "resolved" "https://registry.npmjs.org/has-flag/-/has-flag-4.0.0.tgz"
  "version" "4.0.0"

"inflight@^1.0.4":
  "integrity" "sha1-Sb1jMdfQLQwJvJEKEHW6gWW1bfk= sha512-k92I/b08q4wvFscXCLvqfsHCrjrF7yiXsQuIVvVE7N82W3+aqpzuUdBbfhWcy/FZR3/4IgflMgKLOsvPDrGCJA=="
  "resolved" "https://registry.npmjs.org/inflight/-/inflight-1.0.6.tgz"
  "version" "1.0.6"
  dependencies:
    "once" "^1.3.0"
    "wrappy" "1"

"inherits@2":
  "integrity" "sha512-k/vGaX4/Yla3WzyMCvTQOXYeIHvqOKtnqBduzTHpzpQZzAskKMhZ2K+EnBiSM9zGSoIFeMpXKxa4dYeZIQqewQ=="
  "resolved" "https://registry.npmjs.org/inherits/-/inherits-2.0.4.tgz"
  "version" "2.0.4"

"is-fullwidth-code-point@^3.0.0":
  "integrity" "sha512-zymm5+u+sCsSWyD9qNaejV3DFvhCKclKdizYaJUuHA83RLjb7nSuGnddCHGv0hk+KY7BMAlsWeK4Ueg6EV6XQg=="
  "resolved" "https://registry.npmjs.org/is-fullwidth-code-point/-/is-fullwidth-code-point-3.0.0.tgz"
  "version" "3.0.0"

"isexe@^2.0.0":
  "integrity" "sha1-6PvzdNxVb/iUehDcsFctYz8s+hA= sha512-RHxMLp9lnKHGHRng9QFhRCMbYAcVpn69smSGcq3f36xjgVVWThj4qqLbTLlq7Ssj8B+fIQ1EuCEGI2lKsyQeIw=="
  "resolved" "https://registry.npmjs.org/isexe/-/isexe-2.0.0.tgz"
  "version" "2.0.0"

"lodash@^4.17.21":
  "integrity" "sha512-v2kDEe57lecTulaDIuNTPy3Ry4gLGJ6Z1O3vE1krgXZNrsQ+LFTGHVxVjcXPs17LhbZVGedAJv8XZ1tvj5FvSg=="
  "resolved" "https://registry.npmjs.org/lodash/-/lodash-4.17.21.tgz"
  "version" "4.17.21"

"minimatch@^3.0.4":
  "integrity" "sha512-yJHVQEhyqPLUTgt9B83PXu6W3rx4MvvHvSUvToogpwoGDOUQ+yDrR0HRot+yOCdCO7u4hX3pWft6kWBBcqh0UA=="
  "resolved" "https://registry.npmjs.org/minimatch/-/minimatch-3.0.4.tgz"
  "version" "3.0.4"
  dependencies:
    "brace-expansion" "^1.1.7"

"new-port-cli@^1.0.0":
  "integrity" "sha1-rTImG+EFf/5UWGPALQQYPplP+/Y= sha512-9uMPTw2loJJ5423n4GT2uW7y12IeqiLiuUsNaXHZb3pBWNQ/pCnSi8nJ/EHBEBO58FQszvH2YCMDoCh7pnXN4Q=="
  "resolved" "https://registry.npmjs.org/new-port-cli/-/new-port-cli-1.0.0.tgz"
  "version" "1.0.0"
  dependencies:
    "new-port" "^1.0.0"

"new-port@^1.0.0":
  "integrity" "sha1-ZbNLa6bMD1SOPPHxUjvxWUAG5lg= sha512-2rEL1cZj78LekYSfYHDGP7lIhrCauYbPy92QvEyfJcNzrXIuDjEMWlpxrgGic2BNM7S+viHn8ajuYx0b9UlJJQ=="
  "resolved" "https://registry.npmjs.org/new-port/-/new-port-1.0.0.tgz"
  "version" "1.0.0"

"once@^1.3.0":
  "integrity" "sha1-WDsap3WWHUsROsF9nFC6753Xa9E= sha512-lNaJgI+2Q5URQBkccEKHTQOPaXdUxnZZElQTZY0MFUAuaEqe1E+Nyvgdz/aIyNi6Z9MzO5dv1H8n58/GELp3+w=="
  "resolved" "https://registry.npmjs.org/once/-/once-1.4.0.tgz"
  "version" "1.4.0"
  dependencies:
    "wrappy" "1"

"path-is-absolute@^1.0.0":
  "integrity" "sha1-F0uSaHNVNP+8es5r9TpanhtcX18= sha512-AVbw3UJ2e9bq64vSaS9Am0fje1Pa8pbGqTTsmXfaIiMpnr5DlDhfJOuLj9Sf95ZPVDAUerDfEk88MPmPe7UCQg=="
  "resolved" "https://registry.npmjs.org/path-is-absolute/-/path-is-absolute-1.0.1.tgz"
  "version" "1.0.1"

"path-key@^3.1.0":
  "integrity" "sha512-ojmeN0qd+y0jszEtoY48r0Peq5dwMEkIlCOu6Q5f41lfkswXuKtYrhgoTpLnyIcHm24Uhqx+5Tqm2InSwLhE6Q=="
  "resolved" "https://registry.npmjs.org/path-key/-/path-key-3.1.1.tgz"
  "version" "3.1.1"

"require-directory@^2.1.1":
  "integrity" "sha1-jGStX9MNqxyXbiNE/+f3kqam30I= sha512-fGxEI7+wsG9xrvdjsrlmL22OMTTiHRwAMroiEeMgq8gzoLC/PQr7RsRDSTLUg/bZAZtF+TVIkHc6/4RIKrui+Q=="
  "resolved" "https://registry.npmjs.org/require-directory/-/require-directory-2.1.1.tgz"
  "version" "2.1.1"

"rimraf@^3.0.2":
  "integrity" "sha512-JZkJMZkAGFFPP2YqXZXPbMlMBgsxzE8ILs4lMIX/2o0L9UBw9O/Y3o6wFw/i9YLapcUJWwqbi3kdxIPdC62TIA=="
  "resolved" "https://registry.npmjs.org/rimraf/-/rimraf-3.0.2.tgz"
  "version" "3.0.2"
  dependencies:
    "glob" "^7.1.3"

"rxjs@^6.6.3":
  "integrity" "sha512-hTdwr+7yYNIT5n4AMYp85KA6yw2Va0FLa3Rguvbpa4W3I5xynaBZo41cM3XM+4Q6fRMj3sBYIR1VAmZMXYJvRQ=="
  "resolved" "https://registry.npmjs.org/rxjs/-/rxjs-6.6.7.tgz"
  "version" "6.6.7"
  dependencies:
    "tslib" "^1.9.0"

"shebang-command@^2.0.0":
  "integrity" "sha512-kHxr2zZpYtdmrN1qDjrrX/Z1rR1kG8Dx+gkpK1G4eXmvXswmcE1hTWBWYUzlraYw1/yZp6YuDY77YtvbN0dmDA=="
  "resolved" "https://registry.npmjs.org/shebang-command/-/shebang-command-2.0.0.tgz"
  "version" "2.0.0"
  dependencies:
    "shebang-regex" "^3.0.0"

"shebang-regex@^3.0.0":
  "integrity" "sha512-7++dFhtcx3353uBaq8DDR4NuxBetBzC7ZQOhmTQInHEd6bSrXdiEyzCvG07Z44UYdLShWUyXt5M/yhz8ekcb1A=="
  "resolved" "https://registry.npmjs.org/shebang-regex/-/shebang-regex-3.0.0.tgz"
  "version" "3.0.0"

"spawn-command@^0.0.2-1":
  "integrity" "sha1-YvXpRmmBwbeW3Fkpk34RycaSG9A= sha512-n98l9E2RMSJ9ON1AKisHzz7V42VDiBQGY6PB1BwRglz99wpVsSuGzQ+jOi6lFXBGVTCrRpltvjm+/XA+tpeJrg=="
  "resolved" "https://registry.npmjs.org/spawn-command/-/spawn-command-0.0.2-1.tgz"
  "version" "0.0.2-1"

"string-width@^4.1.0", "string-width@^4.2.0":
  "integrity" "sha512-wKyQRQpjJ0sIp62ErSZdGsjMJWsap5oRNihHhu6G7JVO/9jIB6UyevL+tXuOqrng8j/cxKTWyWUwvSTriiZz/g=="
  "resolved" "https://registry.npmjs.org/string-width/-/string-width-4.2.3.tgz"
  "version" "4.2.3"
  dependencies:
    "emoji-regex" "^8.0.0"
    "is-fullwidth-code-point" "^3.0.0"
    "strip-ansi" "^6.0.1"

"strip-ansi@^6.0.0", "strip-ansi@^6.0.1":
  "integrity" "sha512-Y38VPSHcqkFrCpFnQ9vuSXmquuv5oXOKpGeT6aGrr3o3Gc9AlVa6JBfUSOCnbxGGZF+/0ooI7KrPuUSztUdU5A=="
  "resolved" "https://registry.npmjs.org/strip-ansi/-/strip-ansi-6.0.1.tgz"
  "version" "6.0.1"
  dependencies:
    "ansi-regex" "^5.0.1"

"supports-color@^7.1.0":
  "integrity" "sha512-qpCAvRl9stuOHveKsn7HncJRvv501qIacKzQlO/+Lwxc9+0q2wLyv4Dfvt80/DPn2pqOBsJdDiogXGR9+OvwRw=="
  "resolved" "https://registry.npmjs.org/supports-color/-/supports-color-7.2.0.tgz"
  "version" "7.2.0"
  dependencies:
    "has-flag" "^4.0.0"

"supports-color@^8.1.0":
  "integrity" "sha512-MpUEN2OodtUzxvKQl72cUF7RQ5EiHsGvSsVG0ia9c5RbWGL2CI4C7EpPS8UTBIplnlzZiNuV56w+FuNxy3ty2Q=="
  "resolved" "https://registry.npmjs.org/supports-color/-/supports-color-8.1.1.tgz"
  "version" "8.1.1"
  dependencies:
    "has-flag" "^4.0.0"

"tree-kill@^1.2.2":
  "integrity" "sha512-L0Orpi8qGpRG//Nd+H90vFB+3iHnue1zSSGmNOOCh1GLJ7rUKVwV2HvijphGQS2UmhUZewS9VgvxYIdgr+fG1A=="
  "resolved" "https://registry.npmjs.org/tree-kill/-/tree-kill-1.2.2.tgz"
  "version" "1.2.2"

"tslib@^1.9.0":
  "integrity" "sha512-Xni35NKzjgMrwevysHTCArtLDpPvye8zV/0E4EyYn43P7/7qvQwPh9BGkHewbMulVntbigmcT7rdX3BNo9wRJg=="
  "resolved" "https://registry.npmjs.org/tslib/-/tslib-1.14.1.tgz"
  "version" "1.14.1"

"which@^2.0.1":
  "integrity" "sha512-BLI3Tl1TW3Pvl70l3yq3Y64i+awpwXqsGBYWkkqMtnbXgrMD+yj7rhW0kuEDxzJaYXGjEW5ogapKNMEKNMjibA=="
  "resolved" "https://registry.npmjs.org/which/-/which-2.0.2.tgz"
  "version" "2.0.2"
  dependencies:
    "isexe" "^2.0.0"

"wrap-ansi@^7.0.0":
  "integrity" "sha512-YVGIj2kamLSTxw6NsZjoBxfSwsn0ycdesmc4p+Q21c5zPuZ1pl+NfxVdxPtdHvmNVOQ6XSYG4AUtyt/Fi7D16Q=="
  "resolved" "https://registry.npmjs.org/wrap-ansi/-/wrap-ansi-7.0.0.tgz"
  "version" "7.0.0"
  dependencies:
    "ansi-styles" "^4.0.0"
    "string-width" "^4.1.0"
    "strip-ansi" "^6.0.0"

"wrappy@1":
  "integrity" "sha1-tSQ9jz7BqjXxNkYFvA0QNuMKtp8= sha512-l4Sp/DRseor9wL6EvV2+TuQn63dMkPjZ/sp9XkghTEbV9KlPS1xUsZ3u7/IQO4wxtcFB4bgpQPRcR3QCvezPcQ=="
  "resolved" "https://registry.npmjs.org/wrappy/-/wrappy-1.0.2.tgz"
  "version" "1.0.2"

"y18n@^5.0.5":
  "integrity" "sha512-0pfFzegeDWJHJIAmTLRP2DwHjdF5s7jo9tuztdQxAhINCdvS+3nGINqPd00AphqJR/0LhANUS6/+7SCb98YOfA=="
  "resolved" "https://registry.npmjs.org/y18n/-/y18n-5.0.8.tgz"
  "version" "5.0.8"

"yargs-parser@^20.2.2":
  "integrity" "sha512-y11nGElTIV+CT3Zv9t7VKl+Q3hTQoT9a1Qzezhhl6Rp21gJ/IVTW7Z3y9EWXhuUBC2Shnf+DX0antecpAwSP8w=="
  "resolved" "https://registry.npmjs.org/yargs-parser/-/yargs-parser-20.2.9.tgz"
  "version" "20.2.9"

"yargs@^16.2.0":
  "integrity" "sha512-D1mvvtDG0L5ft/jGWkLpG1+m0eQxOfaBvTNELraWj22wSVUMWxZUvYgJYcKh6jGGIkJFhH4IZPQhR4TKpc8mBw=="
  "resolved" "https://registry.npmjs.org/yargs/-/yargs-16.2.0.tgz"
  "version" "16.2.0"
  dependencies:
    "cliui" "^7.0.2"
    "escalade" "^3.1.1"
    "get-caller-file" "^2.0.5"
    "require-directory" "^2.1.1"
    "string-width" "^4.2.0"
    "y18n" "^5.0.5"
    "yargs-parser" "^20.2.2"
